
Microsoft Visual Studio Solution File, Format Version 12.00
# Visual Studio Version 17
VisualStudioVersion = 17.9.34902.65
MinimumVisualStudioVersion = 10.0.40219.1
Project("{9A19103F-16F7-4668-BE54-9A1E7A4F7556}") = "CryptoFuturesArbitrage.Console", "CryptoFuturesArbitrage.Console\CryptoFuturesArbitrage.Console.csproj", "{83DF09D9-D216-4514-97A1-200AE4E45747}"
EndProject
Project("{9A19103F-16F7-4668-BE54-9A1E7A4F7556}") = "Crypto.Interface", "Crypto.Interface\Crypto.Interface.csproj", "{8EBFC161-A604-4EFD-BF93-5773DA7CFE78}"
EndProject
Project("{9A19103F-16F7-4668-BE54-9A1E7A4F7556}") = "Crypto.Common", "Crypto.Common\Crypto.Common.csproj", "{E9F9E858-A76D-4F7A-A1A1-44CE6C3E4F6B}"
EndProject
Project("{9A19103F-16F7-4668-BE54-9A1E7A4F7556}") = "Crypto.Tests", "Crypto.Tests\Crypto.Tests.csproj", "{A21ED5AB-B2DB-4B42-9993-E2355FE52520}"
EndProject
Project("{9A19103F-16F7-4668-BE54-9A1E7A4F7556}") = "Crypto.Trading.Bot", "Crypto.Trading.Bot\Crypto.Trading.Bot.csproj", "{5D6D30CC-DDDE-4C25-947A-CABA26D60E46}"
EndProject
Project("{9A19103F-16F7-4668-BE54-9A1E7A4F7556}") = "Crypto.Exchanges.All", "Crypto.Exchanges.All\Crypto.Exchanges.All.csproj", "{421161F3-571F-49E4-AD5D-E46029F52C26}"
EndProject
Global
	GlobalSection(SolutionConfigurationPlatforms) = preSolution
		Debug|Any CPU = Debug|Any CPU
		Release|Any CPU = Release|Any CPU
	EndGlobalSection
	GlobalSection(ProjectConfigurationPlatforms) = postSolution
		{83DF09D9-D216-4514-97A1-200AE4E45747}.Debug|Any CPU.ActiveCfg = Debug|Any CPU
		{83DF09D9-D216-4514-97A1-200AE4E45747}.Debug|Any CPU.Build.0 = Debug|Any CPU
		{83DF09D9-D216-4514-97A1-200AE4E45747}.Release|Any CPU.ActiveCfg = Release|Any CPU
		{83DF09D9-D216-4514-97A1-200AE4E45747}.Release|Any CPU.Build.0 = Release|Any CPU
		{8EBFC161-A604-4EFD-BF93-5773DA7CFE78}.Debug|Any CPU.ActiveCfg = Debug|Any CPU
		{8EBFC161-A604-4EFD-BF93-5773DA7CFE78}.Debug|Any CPU.Build.0 = Debug|Any CPU
		{8EBFC161-A604-4EFD-BF93-5773DA7CFE78}.Release|Any CPU.ActiveCfg = Release|Any CPU
		{8EBFC161-A604-4EFD-BF93-5773DA7CFE78}.Release|Any CPU.Build.0 = Release|Any CPU
		{E9F9E858-A76D-4F7A-A1A1-44CE6C3E4F6B}.Debug|Any CPU.ActiveCfg = Debug|Any CPU
		{E9F9E858-A76D-4F7A-A1A1-44CE6C3E4F6B}.Debug|Any CPU.Build.0 = Debug|Any CPU
		{E9F9E858-A76D-4F7A-A1A1-44CE6C3E4F6B}.Release|Any CPU.ActiveCfg = Release|Any CPU
		{E9F9E858-A76D-4F7A-A1A1-44CE6C3E4F6B}.Release|Any CPU.Build.0 = Release|Any CPU
		{A21ED5AB-B2DB-4B42-9993-E2355FE52520}.Debug|Any CPU.ActiveCfg = Debug|Any CPU
		{A21ED5AB-B2DB-4B42-9993-E2355FE52520}.Debug|Any CPU.Build.0 = Debug|Any CPU
		{A21ED5AB-B2DB-4B42-9993-E2355FE52520}.Release|Any CPU.ActiveCfg = Release|Any CPU
		{A21ED5AB-B2DB-4B42-9993-E2355FE52520}.Release|Any CPU.Build.0 = Release|Any CPU
		{5D6D30CC-DDDE-4C25-947A-CABA26D60E46}.Debug|Any CPU.ActiveCfg = Debug|Any CPU
		{5D6D30CC-DDDE-4C25-947A-CABA26D60E46}.Debug|Any CPU.Build.0 = Debug|Any CPU
		{5D6D30CC-DDDE-4C25-947A-CABA26D60E46}.Release|Any CPU.ActiveCfg = Release|Any CPU
		{5D6D30CC-DDDE-4C25-947A-CABA26D60E46}.Release|Any CPU.Build.0 = Release|Any CPU
		{421161F3-571F-49E4-AD5D-E46029F52C26}.Debug|Any CPU.ActiveCfg = Debug|Any CPU
		{421161F3-571F-49E4-AD5D-E46029F52C26}.Debug|Any CPU.Build.0 = Debug|Any CPU
		{421161F3-571F-49E4-AD5D-E46029F52C26}.Release|Any CPU.ActiveCfg = Release|Any CPU
		{421161F3-571F-49E4-AD5D-E46029F52C26}.Release|Any CPU.Build.0 = Release|Any CPU
	EndGlobalSection
	GlobalSection(SolutionProperties) = preSolution
		HideSolutionNode = FALSE
	EndGlobalSection
	GlobalSection(ExtensibilityGlobals) = postSolution
		SolutionGuid = {384E9458-FEFF-46E2-8486-B22D28B2DAB3}
	EndGlobalSection
EndGlobal
